// !$*UTF8*$!
{
	archiveVersion = 1;
	classes = {
	};
	objectVersion = 46;
	objects = {

/* Begin PBXBuildFile section */
		4B82EC8A8E0218A35FB19E58 /* libPods-SportsAlgebra.a in Frameworks */ = {isa = PBXBuildFile; fileRef = 8682A912465FFDA676467568 /* libPods-SportsAlgebra.a */; };
		A5287C8C1F06C18A00466BCB /* AppDelegate.swift in Sources */ = {isa = PBXBuildFile; fileRef = A5287C8B1F06C18A00466BCB /* AppDelegate.swift */; };
		A5287C911F06C18A00466BCB /* Main.storyboard in Resources */ = {isa = PBXBuildFile; fileRef = A5287C8F1F06C18A00466BCB /* Main.storyboard */; };
		A5287C931F06C18A00466BCB /* Assets.xcassets in Resources */ = {isa = PBXBuildFile; fileRef = A5287C921F06C18A00466BCB /* Assets.xcassets */; };
		A5287C961F06C18A00466BCB /* LaunchScreen.storyboard in Resources */ = {isa = PBXBuildFile; fileRef = A5287C941F06C18A00466BCB /* LaunchScreen.storyboard */; };
		A5287CA11F06C18B00466BCB /* SportsAlgebraTests.swift in Sources */ = {isa = PBXBuildFile; fileRef = A5287CA01F06C18B00466BCB /* SportsAlgebraTests.swift */; };
		A5287CAC1F06C18B00466BCB /* SportsAlgebraUITests.swift in Sources */ = {isa = PBXBuildFile; fileRef = A5287CAB1F06C18B00466BCB /* SportsAlgebraUITests.swift */; };
		A5287CBD1F06C1C200466BCB /* Theme.plist in Resources */ = {isa = PBXBuildFile; fileRef = A5287CBC1F06C1C200466BCB /* Theme.plist */; };
		A5287CBF1F06C1DF00466BCB /* SAThemeService.swift in Sources */ = {isa = PBXBuildFile; fileRef = A5287CBE1F06C1DF00466BCB /* SAThemeService.swift */; };
		A5287CC31F06C24800466BCB /* Question.swift in Sources */ = {isa = PBXBuildFile; fileRef = A5287CC21F06C24800466BCB /* Question.swift */; };
		A5287CC51F06C2A300466BCB /* Answer.swift in Sources */ = {isa = PBXBuildFile; fileRef = A5287CC41F06C2A300466BCB /* Answer.swift */; };
		A5287CC71F06C2BC00466BCB /* Quiz.swift in Sources */ = {isa = PBXBuildFile; fileRef = A5287CC61F06C2BC00466BCB /* Quiz.swift */; };
		A5287CCA1F06C3E200466BCB /* WebServiceManager.swift in Sources */ = {isa = PBXBuildFile; fileRef = A5287CC91F06C3E200466BCB /* WebServiceManager.swift */; };
		A5287CCE1F11B03600466BCB /* UIColor+Extensions.swift in Sources */ = {isa = PBXBuildFile; fileRef = A5287CCD1F11B03600466BCB /* UIColor+Extensions.swift */; };
		A5287CD01F11B52800466BCB /* SplashScreenViewController.swift in Sources */ = {isa = PBXBuildFile; fileRef = A5287CCF1F11B52800466BCB /* SplashScreenViewController.swift */; };
		A564E00F1F1AD81C0025D451 /* QuizViewController.swift in Sources */ = {isa = PBXBuildFile; fileRef = A564E00E1F1AD81C0025D451 /* QuizViewController.swift */; };
		A564E0111F1AD83D0025D451 /* HomeViewController.swift in Sources */ = {isa = PBXBuildFile; fileRef = A564E0101F1AD83D0025D451 /* HomeViewController.swift */; };
		A564E0141F1AEE780025D451 /* QuizHeaderView.swift in Sources */ = {isa = PBXBuildFile; fileRef = A564E0131F1AEE780025D451 /* QuizHeaderView.swift */; };
		A564E0161F1AEE9F0025D451 /* QuizHeaderView.xib in Resources */ = {isa = PBXBuildFile; fileRef = A564E0151F1AEE9F0025D451 /* QuizHeaderView.xib */; };
		A564E01A1F1AF00B0025D451 /* QuizTableViewCell.swift in Sources */ = {isa = PBXBuildFile; fileRef = A564E0191F1AF00B0025D451 /* QuizTableViewCell.swift */; };
		A564E01C1F1AF0230025D451 /* QuizTableViewCell.xib in Resources */ = {isa = PBXBuildFile; fileRef = A564E01B1F1AF0230025D451 /* QuizTableViewCell.xib */; };
		A564E01E1F1AF4EC0025D451 /* QuizViewModel.swift in Sources */ = {isa = PBXBuildFile; fileRef = A564E01D1F1AF4EC0025D451 /* QuizViewModel.swift */; };
		A564E0201F1AFEB30025D451 /* QuizGenerator.swift in Sources */ = {isa = PBXBuildFile; fileRef = A564E01F1F1AFEB30025D451 /* QuizGenerator.swift */; };
		A564E0221F1AFECA0025D451 /* FirstQuizGenerator.swift in Sources */ = {isa = PBXBuildFile; fileRef = A564E0211F1AFECA0025D451 /* FirstQuizGenerator.swift */; };
		A564E0241F1B14650025D451 /* Event.swift in Sources */ = {isa = PBXBuildFile; fileRef = A564E0231F1B14650025D451 /* Event.swift */; };
		A564E0261F1D1D2C0025D451 /* HomeViewModel.swift in Sources */ = {isa = PBXBuildFile; fileRef = A564E0251F1D1D2C0025D451 /* HomeViewModel.swift */; };
		A59C25AA1F265E4B007F4EAD /* UserWebService.swift in Sources */ = {isa = PBXBuildFile; fileRef = A59C25A91F265E4B007F4EAD /* UserWebService.swift */; };
		A59C25AC1F265E55007F4EAD /* QuizWebService.swift in Sources */ = {isa = PBXBuildFile; fileRef = A59C25AB1F265E55007F4EAD /* QuizWebService.swift */; };
		A59C25B01F29A9FF007F4EAD /* QuizResults.swift in Sources */ = {isa = PBXBuildFile; fileRef = A59C25AF1F29A9FF007F4EAD /* QuizResults.swift */; };
		A59C25B21F2A42D7007F4EAD /* QuestionResponse.swift in Sources */ = {isa = PBXBuildFile; fileRef = A59C25B11F2A42D7007F4EAD /* QuestionResponse.swift */; };
		A59C25B41F2A48C6007F4EAD /* QuestionDTO.swift in Sources */ = {isa = PBXBuildFile; fileRef = A59C25B31F2A48C6007F4EAD /* QuestionDTO.swift */; };
		A59C25B81F3AE152007F4EAD /* QuestionDTOTests.swift in Sources */ = {isa = PBXBuildFile; fileRef = A59C25B71F3AE152007F4EAD /* QuestionDTOTests.swift */; };
		A59C25BC1F3D0606007F4EAD /* HomeHeaderView.swift in Sources */ = {isa = PBXBuildFile; fileRef = A59C25BB1F3D0606007F4EAD /* HomeHeaderView.swift */; };
		A59C25BE1F3F5E45007F4EAD /* QuizResultsDTO.swift in Sources */ = {isa = PBXBuildFile; fileRef = A59C25BD1F3F5E45007F4EAD /* QuizResultsDTO.swift */; };
		A59C25C01F3F6016007F4EAD /* QuizDTO.swift in Sources */ = {isa = PBXBuildFile; fileRef = A59C25BF1F3F6016007F4EAD /* QuizDTO.swift */; };
		A59C25C21F3F71FC007F4EAD /* PFUser+Extensions.swift in Sources */ = {isa = PBXBuildFile; fileRef = A59C25C11F3F71FC007F4EAD /* PFUser+Extensions.swift */; };
		A59C25C41F3FAF42007F4EAD /* HomeTableViewCell.xib in Resources */ = {isa = PBXBuildFile; fileRef = A59C25C31F3FAF42007F4EAD /* HomeTableViewCell.xib */; };
		A59C25C61F3FAF55007F4EAD /* HomeTableViewCell.swift in Sources */ = {isa = PBXBuildFile; fileRef = A59C25C51F3FAF55007F4EAD /* HomeTableViewCell.swift */; };
		A5CE343D1F1DC2B400AE5040 /* SAElapsedTimeView.swift in Sources */ = {isa = PBXBuildFile; fileRef = A5CE343C1F1DC2B400AE5040 /* SAElapsedTimeView.swift */; };
		A5CE343F1F1DC2F600AE5040 /* SAElapsedTimeView.xib in Resources */ = {isa = PBXBuildFile; fileRef = A5CE343E1F1DC2F600AE5040 /* SAElapsedTimeView.xib */; };
		A5CE34411F1E604C00AE5040 /* QuizContext.swift in Sources */ = {isa = PBXBuildFile; fileRef = A5CE34401F1E604C00AE5040 /* QuizContext.swift */; };
		A5CE34461F21181E00AE5040 /* QuizViewController+Observers.swift in Sources */ = {isa = PBXBuildFile; fileRef = A5CE34451F21181E00AE5040 /* QuizViewController+Observers.swift */; };
		A5CE344B1F21185D00AE5040 /* OnboardingViewController+Observers.swift in Sources */ = {isa = PBXBuildFile; fileRef = A5CE344A1F21185D00AE5040 /* OnboardingViewController+Observers.swift */; };
		A5D88E841F121D8D0088901B /* SAUserDefaults.swift in Sources */ = {isa = PBXBuildFile; fileRef = A5D88E831F121D8D0088901B /* SAUserDefaults.swift */; };
		A5D88E891F12216F0088901B /* SASegue.swift in Sources */ = {isa = PBXBuildFile; fileRef = A5D88E881F12216F0088901B /* SASegue.swift */; };
		A5D88E8B1F1222F30088901B /* SAStoryboardFactory.swift in Sources */ = {isa = PBXBuildFile; fileRef = A5D88E8A1F1222F30088901B /* SAStoryboardFactory.swift */; };
		A5D88E8F1F1288A40088901B /* FadeAnimator.swift in Sources */ = {isa = PBXBuildFile; fileRef = A5D88E8E1F1288A40088901B /* FadeAnimator.swift */; };
		A5D88E911F1288B60088901B /* SAConstants.swift in Sources */ = {isa = PBXBuildFile; fileRef = A5D88E901F1288B60088901B /* SAConstants.swift */; };
		A5D88E931F128EAC0088901B /* SANavigationController.swift in Sources */ = {isa = PBXBuildFile; fileRef = A5D88E921F128EAC0088901B /* SANavigationController.swift */; };
		A5D88E951F1292D90088901B /* SAProvisioning.swift in Sources */ = {isa = PBXBuildFile; fileRef = A5D88E941F1292D90088901B /* SAProvisioning.swift */; };
		A5D88E991F129C530088901B /* SAError.swift in Sources */ = {isa = PBXBuildFile; fileRef = A5D88E981F129C530088901B /* SAError.swift */; };
		A5D88E9E1F12A9880088901B /* FiraMono-Bold.otf in Resources */ = {isa = PBXBuildFile; fileRef = A5D88E9B1F12A90F0088901B /* FiraMono-Bold.otf */; };
		A5D88E9F1F12A98B0088901B /* FiraMono-Medium.otf in Resources */ = {isa = PBXBuildFile; fileRef = A5D88E9C1F12A90F0088901B /* FiraMono-Medium.otf */; };
		A5D88EA01F12A98E0088901B /* FiraMono-Regular.otf in Resources */ = {isa = PBXBuildFile; fileRef = A5D88E9D1F12A90F0088901B /* FiraMono-Regular.otf */; };
		A5D88EA21F13E7040088901B /* ScrollViewLayoutManager.swift in Sources */ = {isa = PBXBuildFile; fileRef = A5D88EA11F13E7040088901B /* ScrollViewLayoutManager.swift */; };
		A5D88EA41F1528400088901B /* LoginView.swift in Sources */ = {isa = PBXBuildFile; fileRef = A5D88EA31F1528400088901B /* LoginView.swift */; };
		A5D88EA61F1528470088901B /* LoginView.xib in Resources */ = {isa = PBXBuildFile; fileRef = A5D88EA51F1528470088901B /* LoginView.xib */; };
		A5D88EA81F1528520088901B /* SignupView.xib in Resources */ = {isa = PBXBuildFile; fileRef = A5D88EA71F1528520088901B /* SignupView.xib */; };
		A5D88EAA1F15285E0088901B /* SignupView.swift in Sources */ = {isa = PBXBuildFile; fileRef = A5D88EA91F15285E0088901B /* SignupView.swift */; };
		A5D88EAC1F1534850088901B /* UIView+Extensions.swift in Sources */ = {isa = PBXBuildFile; fileRef = A5D88EAB1F1534850088901B /* UIView+Extensions.swift */; };
		A5D88EAE1F15A3E90088901B /* OnboardingViewModel.swift in Sources */ = {isa = PBXBuildFile; fileRef = A5D88EAD1F15A3E90088901B /* OnboardingViewModel.swift */; };
		A5D88EB01F15A50F0088901B /* OnboardingViewController.swift in Sources */ = {isa = PBXBuildFile; fileRef = A5D88EAF1F15A50F0088901B /* OnboardingViewController.swift */; };
		A5D88EB21F15AD420088901B /* String+Extensions.swift in Sources */ = {isa = PBXBuildFile; fileRef = A5D88EB11F15AD420088901B /* String+Extensions.swift */; };
		A5D88EB41F15AF550088901B /* SALog.swift in Sources */ = {isa = PBXBuildFile; fileRef = A5D88EB31F15AF550088901B /* SALog.swift */; };
		A5D88EB61F15B77A0088901B /* OnboardingViewModelTests.swift in Sources */ = {isa = PBXBuildFile; fileRef = A5D88EB51F15B77A0088901B /* OnboardingViewModelTests.swift */; };
		A5D88EB81F1AB48A0088901B /* SAUtilities.swift in Sources */ = {isa = PBXBuildFile; fileRef = A5D88EB71F1AB48A0088901B /* SAUtilities.swift */; };
		A5D88EBA1F1AB4B60088901B /* Notification+Extensions.swift in Sources */ = {isa = PBXBuildFile; fileRef = A5D88EB91F1AB4B60088901B /* Notification+Extensions.swift */; };
		A5D88EBC1F1AB89D0088901B /* OnboardingFadeAnimator.swift in Sources */ = {isa = PBXBuildFile; fileRef = A5D88EBB1F1AB89D0088901B /* OnboardingFadeAnimator.swift */; };
		A6313DE91F4616D2000E0766 /* SAAlertManager.swift in Sources */ = {isa = PBXBuildFile; fileRef = A6313DE81F4616D2000E0766 /* SAAlertManager.swift */; };
		A6313DEB1F461B30000E0766 /* Double+Extensions.swift in Sources */ = {isa = PBXBuildFile; fileRef = A6313DEA1F461B30000E0766 /* Double+Extensions.swift */; };
		A6313DED1F461BE9000E0766 /* DoubleExtensionsTests.swift in Sources */ = {isa = PBXBuildFile; fileRef = A6313DEC1F461BE9000E0766 /* DoubleExtensionsTests.swift */; };
		A6313DF01F4628D6000E0766 /* QuizResultsViewController.swift in Sources */ = {isa = PBXBuildFile; fileRef = A6313DEF1F4628D6000E0766 /* QuizResultsViewController.swift */; };
		A6313DF21F4628E1000E0766 /* QuizResultsViewModel.swift in Sources */ = {isa = PBXBuildFile; fileRef = A6313DF11F4628E1000E0766 /* QuizResultsViewModel.swift */; };
		A6313DF51F4629C0000E0766 /* QuizResultsTableViewCell.swift in Sources */ = {isa = PBXBuildFile; fileRef = A6313DF41F4629C0000E0766 /* QuizResultsTableViewCell.swift */; };
		A6313DF71F462A06000E0766 /* QuizResultsTableViewCell.xib in Resources */ = {isa = PBXBuildFile; fileRef = A6313DF61F462A06000E0766 /* QuizResultsTableViewCell.xib */; };
		A6E7D57A1F43777400041252 /* SCLAlertView.swift in Sources */ = {isa = PBXBuildFile; fileRef = A6E7D5781F43777400041252 /* SCLAlertView.swift */; };
		A6E7D57B1F43777400041252 /* SCLExtensions.swift in Sources */ = {isa = PBXBuildFile; fileRef = A6E7D5791F43777400041252 /* SCLExtensions.swift */; };
		A6E7D5CE1F43986200041252 /* QuizPrefaceViewController.swift in Sources */ = {isa = PBXBuildFile; fileRef = A6E7D5CD1F43986200041252 /* QuizPrefaceViewController.swift */; };
		A6E7D5D01F43A20400041252 /* TextFadeAnimator.swift in Sources */ = {isa = PBXBuildFile; fileRef = A6E7D5CF1F43A20400041252 /* TextFadeAnimator.swift */; };
/* End PBXBuildFile section */

/* Begin PBXContainerItemProxy section */
		A5287C9D1F06C18B00466BCB /* PBXContainerItemProxy */ = {
			isa = PBXContainerItemProxy;
			containerPortal = A5287C801F06C18A00466BCB /* Project object */;
			proxyType = 1;
			remoteGlobalIDString = A5287C871F06C18A00466BCB;
			remoteInfo = SportsAlgebra;
		};
		A5287CA81F06C18B00466BCB /* PBXContainerItemProxy */ = {
			isa = PBXContainerItemProxy;
			containerPortal = A5287C801F06C18A00466BCB /* Project object */;
			proxyType = 1;
			remoteGlobalIDString = A5287C871F06C18A00466BCB;
			remoteInfo = SportsAlgebra;
		};
/* End PBXContainerItemProxy section */

/* Begin PBXFileReference section */
		6D426E7DBE8DD19A9FC72298 /* Pods-SportsAlgebra.debug.xcconfig */ = {isa = PBXFileReference; includeInIndex = 1; lastKnownFileType = text.xcconfig; name = "Pods-SportsAlgebra.debug.xcconfig"; path = "Pods/Target Support Files/Pods-SportsAlgebra/Pods-SportsAlgebra.debug.xcconfig"; sourceTree = "<group>"; };
		754629DF486F0061D04BACB1 /* Pods-SportsAlgebra.release.xcconfig */ = {isa = PBXFileReference; includeInIndex = 1; lastKnownFileType = text.xcconfig; name = "Pods-SportsAlgebra.release.xcconfig"; path = "Pods/Target Support Files/Pods-SportsAlgebra/Pods-SportsAlgebra.release.xcconfig"; sourceTree = "<group>"; };
		8682A912465FFDA676467568 /* libPods-SportsAlgebra.a */ = {isa = PBXFileReference; explicitFileType = archive.ar; includeInIndex = 0; path = "libPods-SportsAlgebra.a"; sourceTree = BUILT_PRODUCTS_DIR; };
		A5287C881F06C18A00466BCB /* SportsAlgebra.app */ = {isa = PBXFileReference; explicitFileType = wrapper.application; includeInIndex = 0; path = SportsAlgebra.app; sourceTree = BUILT_PRODUCTS_DIR; };
		A5287C8B1F06C18A00466BCB /* AppDelegate.swift */ = {isa = PBXFileReference; lastKnownFileType = sourcecode.swift; path = AppDelegate.swift; sourceTree = "<group>"; };
		A5287C901F06C18A00466BCB /* Base */ = {isa = PBXFileReference; lastKnownFileType = file.storyboard; name = Base; path = Base.lproj/Main.storyboard; sourceTree = "<group>"; };
		A5287C921F06C18A00466BCB /* Assets.xcassets */ = {isa = PBXFileReference; lastKnownFileType = folder.assetcatalog; path = Assets.xcassets; sourceTree = "<group>"; };
		A5287C951F06C18A00466BCB /* Base */ = {isa = PBXFileReference; lastKnownFileType = file.storyboard; name = Base; path = Base.lproj/LaunchScreen.storyboard; sourceTree = "<group>"; };
		A5287C971F06C18A00466BCB /* Info.plist */ = {isa = PBXFileReference; lastKnownFileType = text.plist.xml; path = Info.plist; sourceTree = "<group>"; };
		A5287C9C1F06C18B00466BCB /* SportsAlgebraTests.xctest */ = {isa = PBXFileReference; explicitFileType = wrapper.cfbundle; includeInIndex = 0; path = SportsAlgebraTests.xctest; sourceTree = BUILT_PRODUCTS_DIR; };
		A5287CA01F06C18B00466BCB /* SportsAlgebraTests.swift */ = {isa = PBXFileReference; lastKnownFileType = sourcecode.swift; path = SportsAlgebraTests.swift; sourceTree = "<group>"; };
		A5287CA21F06C18B00466BCB /* Info.plist */ = {isa = PBXFileReference; lastKnownFileType = text.plist.xml; path = Info.plist; sourceTree = "<group>"; };
		A5287CA71F06C18B00466BCB /* SportsAlgebraUITests.xctest */ = {isa = PBXFileReference; explicitFileType = wrapper.cfbundle; includeInIndex = 0; path = SportsAlgebraUITests.xctest; sourceTree = BUILT_PRODUCTS_DIR; };
		A5287CAB1F06C18B00466BCB /* SportsAlgebraUITests.swift */ = {isa = PBXFileReference; lastKnownFileType = sourcecode.swift; path = SportsAlgebraUITests.swift; sourceTree = "<group>"; };
		A5287CAD1F06C18B00466BCB /* Info.plist */ = {isa = PBXFileReference; lastKnownFileType = text.plist.xml; path = Info.plist; sourceTree = "<group>"; };
		A5287CBC1F06C1C200466BCB /* Theme.plist */ = {isa = PBXFileReference; fileEncoding = 4; lastKnownFileType = text.plist.xml; path = Theme.plist; sourceTree = "<group>"; };
		A5287CBE1F06C1DF00466BCB /* SAThemeService.swift */ = {isa = PBXFileReference; fileEncoding = 4; lastKnownFileType = sourcecode.swift; path = SAThemeService.swift; sourceTree = "<group>"; };
		A5287CC21F06C24800466BCB /* Question.swift */ = {isa = PBXFileReference; fileEncoding = 4; lastKnownFileType = sourcecode.swift; path = Question.swift; sourceTree = "<group>"; };
		A5287CC41F06C2A300466BCB /* Answer.swift */ = {isa = PBXFileReference; fileEncoding = 4; lastKnownFileType = sourcecode.swift; path = Answer.swift; sourceTree = "<group>"; };
		A5287CC61F06C2BC00466BCB /* Quiz.swift */ = {isa = PBXFileReference; fileEncoding = 4; lastKnownFileType = sourcecode.swift; path = Quiz.swift; sourceTree = "<group>"; };
		A5287CC91F06C3E200466BCB /* WebServiceManager.swift */ = {isa = PBXFileReference; fileEncoding = 4; lastKnownFileType = sourcecode.swift; path = WebServiceManager.swift; sourceTree = "<group>"; };
		A5287CCD1F11B03600466BCB /* UIColor+Extensions.swift */ = {isa = PBXFileReference; fileEncoding = 4; lastKnownFileType = sourcecode.swift; path = "UIColor+Extensions.swift"; sourceTree = "<group>"; };
		A5287CCF1F11B52800466BCB /* SplashScreenViewController.swift */ = {isa = PBXFileReference; fileEncoding = 4; lastKnownFileType = sourcecode.swift; path = SplashScreenViewController.swift; sourceTree = "<group>"; };
		A564E00E1F1AD81C0025D451 /* QuizViewController.swift */ = {isa = PBXFileReference; fileEncoding = 4; lastKnownFileType = sourcecode.swift; path = QuizViewController.swift; sourceTree = "<group>"; };
		A564E0101F1AD83D0025D451 /* HomeViewController.swift */ = {isa = PBXFileReference; fileEncoding = 4; lastKnownFileType = sourcecode.swift; path = HomeViewController.swift; sourceTree = "<group>"; };
		A564E0131F1AEE780025D451 /* QuizHeaderView.swift */ = {isa = PBXFileReference; fileEncoding = 4; lastKnownFileType = sourcecode.swift; path = QuizHeaderView.swift; sourceTree = "<group>"; };
		A564E0151F1AEE9F0025D451 /* QuizHeaderView.xib */ = {isa = PBXFileReference; fileEncoding = 4; lastKnownFileType = file.xib; path = QuizHeaderView.xib; sourceTree = "<group>"; };
		A564E0191F1AF00B0025D451 /* QuizTableViewCell.swift */ = {isa = PBXFileReference; fileEncoding = 4; lastKnownFileType = sourcecode.swift; path = QuizTableViewCell.swift; sourceTree = "<group>"; };
		A564E01B1F1AF0230025D451 /* QuizTableViewCell.xib */ = {isa = PBXFileReference; fileEncoding = 4; lastKnownFileType = file.xib; path = QuizTableViewCell.xib; sourceTree = "<group>"; };
		A564E01D1F1AF4EC0025D451 /* QuizViewModel.swift */ = {isa = PBXFileReference; fileEncoding = 4; lastKnownFileType = sourcecode.swift; path = QuizViewModel.swift; sourceTree = "<group>"; };
		A564E01F1F1AFEB30025D451 /* QuizGenerator.swift */ = {isa = PBXFileReference; fileEncoding = 4; lastKnownFileType = sourcecode.swift; path = QuizGenerator.swift; sourceTree = "<group>"; };
		A564E0211F1AFECA0025D451 /* FirstQuizGenerator.swift */ = {isa = PBXFileReference; fileEncoding = 4; lastKnownFileType = sourcecode.swift; path = FirstQuizGenerator.swift; sourceTree = "<group>"; };
		A564E0231F1B14650025D451 /* Event.swift */ = {isa = PBXFileReference; fileEncoding = 4; lastKnownFileType = sourcecode.swift; path = Event.swift; sourceTree = "<group>"; };
		A564E0251F1D1D2C0025D451 /* HomeViewModel.swift */ = {isa = PBXFileReference; fileEncoding = 4; lastKnownFileType = sourcecode.swift; path = HomeViewModel.swift; sourceTree = "<group>"; };
		A59C25A91F265E4B007F4EAD /* UserWebService.swift */ = {isa = PBXFileReference; fileEncoding = 4; lastKnownFileType = sourcecode.swift; path = UserWebService.swift; sourceTree = "<group>"; };
		A59C25AB1F265E55007F4EAD /* QuizWebService.swift */ = {isa = PBXFileReference; fileEncoding = 4; lastKnownFileType = sourcecode.swift; path = QuizWebService.swift; sourceTree = "<group>"; };
		A59C25AF1F29A9FF007F4EAD /* QuizResults.swift */ = {isa = PBXFileReference; fileEncoding = 4; lastKnownFileType = sourcecode.swift; path = QuizResults.swift; sourceTree = "<group>"; };
		A59C25B11F2A42D7007F4EAD /* QuestionResponse.swift */ = {isa = PBXFileReference; fileEncoding = 4; lastKnownFileType = sourcecode.swift; path = QuestionResponse.swift; sourceTree = "<group>"; };
		A59C25B31F2A48C6007F4EAD /* QuestionDTO.swift */ = {isa = PBXFileReference; fileEncoding = 4; lastKnownFileType = sourcecode.swift; path = QuestionDTO.swift; sourceTree = "<group>"; };
		A59C25B71F3AE152007F4EAD /* QuestionDTOTests.swift */ = {isa = PBXFileReference; fileEncoding = 4; lastKnownFileType = sourcecode.swift; path = QuestionDTOTests.swift; sourceTree = "<group>"; };
		A59C25BB1F3D0606007F4EAD /* HomeHeaderView.swift */ = {isa = PBXFileReference; fileEncoding = 4; lastKnownFileType = sourcecode.swift; path = HomeHeaderView.swift; sourceTree = "<group>"; };
		A59C25BD1F3F5E45007F4EAD /* QuizResultsDTO.swift */ = {isa = PBXFileReference; fileEncoding = 4; lastKnownFileType = sourcecode.swift; path = QuizResultsDTO.swift; sourceTree = "<group>"; };
		A59C25BF1F3F6016007F4EAD /* QuizDTO.swift */ = {isa = PBXFileReference; fileEncoding = 4; lastKnownFileType = sourcecode.swift; path = QuizDTO.swift; sourceTree = "<group>"; };
		A59C25C11F3F71FC007F4EAD /* PFUser+Extensions.swift */ = {isa = PBXFileReference; fileEncoding = 4; lastKnownFileType = sourcecode.swift; path = "PFUser+Extensions.swift"; sourceTree = "<group>"; };
		A59C25C31F3FAF42007F4EAD /* HomeTableViewCell.xib */ = {isa = PBXFileReference; fileEncoding = 4; lastKnownFileType = file.xib; path = HomeTableViewCell.xib; sourceTree = "<group>"; };
		A59C25C51F3FAF55007F4EAD /* HomeTableViewCell.swift */ = {isa = PBXFileReference; fileEncoding = 4; lastKnownFileType = sourcecode.swift; path = HomeTableViewCell.swift; sourceTree = "<group>"; };
		A5CE343C1F1DC2B400AE5040 /* SAElapsedTimeView.swift */ = {isa = PBXFileReference; fileEncoding = 4; lastKnownFileType = sourcecode.swift; path = SAElapsedTimeView.swift; sourceTree = "<group>"; };
		A5CE343E1F1DC2F600AE5040 /* SAElapsedTimeView.xib */ = {isa = PBXFileReference; fileEncoding = 4; lastKnownFileType = file.xib; path = SAElapsedTimeView.xib; sourceTree = "<group>"; };
		A5CE34401F1E604C00AE5040 /* QuizContext.swift */ = {isa = PBXFileReference; fileEncoding = 4; lastKnownFileType = sourcecode.swift; path = QuizContext.swift; sourceTree = "<group>"; };
		A5CE34451F21181E00AE5040 /* QuizViewController+Observers.swift */ = {isa = PBXFileReference; fileEncoding = 4; lastKnownFileType = sourcecode.swift; path = "QuizViewController+Observers.swift"; sourceTree = "<group>"; };
		A5CE344A1F21185D00AE5040 /* OnboardingViewController+Observers.swift */ = {isa = PBXFileReference; fileEncoding = 4; lastKnownFileType = sourcecode.swift; path = "OnboardingViewController+Observers.swift"; sourceTree = "<group>"; };
		A5D88E831F121D8D0088901B /* SAUserDefaults.swift */ = {isa = PBXFileReference; fileEncoding = 4; lastKnownFileType = sourcecode.swift; path = SAUserDefaults.swift; sourceTree = "<group>"; };
		A5D88E881F12216F0088901B /* SASegue.swift */ = {isa = PBXFileReference; fileEncoding = 4; lastKnownFileType = sourcecode.swift; path = SASegue.swift; sourceTree = "<group>"; };
		A5D88E8A1F1222F30088901B /* SAStoryboardFactory.swift */ = {isa = PBXFileReference; fileEncoding = 4; lastKnownFileType = sourcecode.swift; path = SAStoryboardFactory.swift; sourceTree = "<group>"; };
		A5D88E8E1F1288A40088901B /* FadeAnimator.swift */ = {isa = PBXFileReference; fileEncoding = 4; lastKnownFileType = sourcecode.swift; path = FadeAnimator.swift; sourceTree = "<group>"; };
		A5D88E901F1288B60088901B /* SAConstants.swift */ = {isa = PBXFileReference; fileEncoding = 4; lastKnownFileType = sourcecode.swift; path = SAConstants.swift; sourceTree = "<group>"; };
		A5D88E921F128EAC0088901B /* SANavigationController.swift */ = {isa = PBXFileReference; fileEncoding = 4; lastKnownFileType = sourcecode.swift; path = SANavigationController.swift; sourceTree = "<group>"; };
		A5D88E941F1292D90088901B /* SAProvisioning.swift */ = {isa = PBXFileReference; fileEncoding = 4; lastKnownFileType = sourcecode.swift; path = SAProvisioning.swift; sourceTree = "<group>"; };
		A5D88E961F1293AC0088901B /* SportsAlgebra-Bridging-Header.h */ = {isa = PBXFileReference; lastKnownFileType = sourcecode.c.h; path = "SportsAlgebra-Bridging-Header.h"; sourceTree = "<group>"; };
		A5D88E981F129C530088901B /* SAError.swift */ = {isa = PBXFileReference; fileEncoding = 4; lastKnownFileType = sourcecode.swift; path = SAError.swift; sourceTree = "<group>"; };
		A5D88E9B1F12A90F0088901B /* FiraMono-Bold.otf */ = {isa = PBXFileReference; lastKnownFileType = file; path = "FiraMono-Bold.otf"; sourceTree = "<group>"; };
		A5D88E9C1F12A90F0088901B /* FiraMono-Medium.otf */ = {isa = PBXFileReference; lastKnownFileType = file; path = "FiraMono-Medium.otf"; sourceTree = "<group>"; };
		A5D88E9D1F12A90F0088901B /* FiraMono-Regular.otf */ = {isa = PBXFileReference; lastKnownFileType = file; path = "FiraMono-Regular.otf"; sourceTree = "<group>"; };
		A5D88EA11F13E7040088901B /* ScrollViewLayoutManager.swift */ = {isa = PBXFileReference; fileEncoding = 4; lastKnownFileType = sourcecode.swift; path = ScrollViewLayoutManager.swift; sourceTree = "<group>"; };
		A5D88EA31F1528400088901B /* LoginView.swift */ = {isa = PBXFileReference; fileEncoding = 4; lastKnownFileType = sourcecode.swift; path = LoginView.swift; sourceTree = "<group>"; };
		A5D88EA51F1528470088901B /* LoginView.xib */ = {isa = PBXFileReference; fileEncoding = 4; lastKnownFileType = file.xib; path = LoginView.xib; sourceTree = "<group>"; };
		A5D88EA71F1528520088901B /* SignupView.xib */ = {isa = PBXFileReference; fileEncoding = 4; lastKnownFileType = file.xib; path = SignupView.xib; sourceTree = "<group>"; };
		A5D88EA91F15285E0088901B /* SignupView.swift */ = {isa = PBXFileReference; fileEncoding = 4; lastKnownFileType = sourcecode.swift; path = SignupView.swift; sourceTree = "<group>"; };
		A5D88EAB1F1534850088901B /* UIView+Extensions.swift */ = {isa = PBXFileReference; fileEncoding = 4; lastKnownFileType = sourcecode.swift; path = "UIView+Extensions.swift"; sourceTree = "<group>"; };
		A5D88EAD1F15A3E90088901B /* OnboardingViewModel.swift */ = {isa = PBXFileReference; fileEncoding = 4; lastKnownFileType = sourcecode.swift; path = OnboardingViewModel.swift; sourceTree = "<group>"; };
		A5D88EAF1F15A50F0088901B /* OnboardingViewController.swift */ = {isa = PBXFileReference; fileEncoding = 4; lastKnownFileType = sourcecode.swift; path = OnboardingViewController.swift; sourceTree = "<group>"; };
		A5D88EB11F15AD420088901B /* String+Extensions.swift */ = {isa = PBXFileReference; fileEncoding = 4; lastKnownFileType = sourcecode.swift; path = "String+Extensions.swift"; sourceTree = "<group>"; };
		A5D88EB31F15AF550088901B /* SALog.swift */ = {isa = PBXFileReference; fileEncoding = 4; lastKnownFileType = sourcecode.swift; path = SALog.swift; sourceTree = "<group>"; };
		A5D88EB51F15B77A0088901B /* OnboardingViewModelTests.swift */ = {isa = PBXFileReference; fileEncoding = 4; lastKnownFileType = sourcecode.swift; path = OnboardingViewModelTests.swift; sourceTree = "<group>"; };
		A5D88EB71F1AB48A0088901B /* SAUtilities.swift */ = {isa = PBXFileReference; fileEncoding = 4; lastKnownFileType = sourcecode.swift; path = SAUtilities.swift; sourceTree = "<group>"; };
		A5D88EB91F1AB4B60088901B /* Notification+Extensions.swift */ = {isa = PBXFileReference; fileEncoding = 4; lastKnownFileType = sourcecode.swift; path = "Notification+Extensions.swift"; sourceTree = "<group>"; };
		A5D88EBB1F1AB89D0088901B /* OnboardingFadeAnimator.swift */ = {isa = PBXFileReference; fileEncoding = 4; lastKnownFileType = sourcecode.swift; path = OnboardingFadeAnimator.swift; sourceTree = "<group>"; };
		A5D88EBD1F1ACE760088901B /* SCLAlertView.framework */ = {isa = PBXFileReference; lastKnownFileType = wrapper.framework; name = SCLAlertView.framework; path = "Pods/../build/Release-iphoneos/SCLAlertView/SCLAlertView.framework"; sourceTree = "<group>"; };
		A6313DE81F4616D2000E0766 /* SAAlertManager.swift */ = {isa = PBXFileReference; fileEncoding = 4; lastKnownFileType = sourcecode.swift; path = SAAlertManager.swift; sourceTree = "<group>"; };
		A6313DEA1F461B30000E0766 /* Double+Extensions.swift */ = {isa = PBXFileReference; fileEncoding = 4; lastKnownFileType = sourcecode.swift; path = "Double+Extensions.swift"; sourceTree = "<group>"; };
		A6313DEC1F461BE9000E0766 /* DoubleExtensionsTests.swift */ = {isa = PBXFileReference; fileEncoding = 4; lastKnownFileType = sourcecode.swift; path = DoubleExtensionsTests.swift; sourceTree = "<group>"; };
		A6313DEF1F4628D6000E0766 /* QuizResultsViewController.swift */ = {isa = PBXFileReference; fileEncoding = 4; lastKnownFileType = sourcecode.swift; path = QuizResultsViewController.swift; sourceTree = "<group>"; };
		A6313DF11F4628E1000E0766 /* QuizResultsViewModel.swift */ = {isa = PBXFileReference; fileEncoding = 4; lastKnownFileType = sourcecode.swift; path = QuizResultsViewModel.swift; sourceTree = "<group>"; };
		A6313DF41F4629C0000E0766 /* QuizResultsTableViewCell.swift */ = {isa = PBXFileReference; fileEncoding = 4; lastKnownFileType = sourcecode.swift; path = QuizResultsTableViewCell.swift; sourceTree = "<group>"; };
		A6313DF61F462A06000E0766 /* QuizResultsTableViewCell.xib */ = {isa = PBXFileReference; fileEncoding = 4; lastKnownFileType = file.xib; path = QuizResultsTableViewCell.xib; sourceTree = "<group>"; };
		A6E7D5781F43777400041252 /* SCLAlertView.swift */ = {isa = PBXFileReference; fileEncoding = 4; lastKnownFileType = sourcecode.swift; path = SCLAlertView.swift; sourceTree = "<group>"; };
		A6E7D5791F43777400041252 /* SCLExtensions.swift */ = {isa = PBXFileReference; fileEncoding = 4; lastKnownFileType = sourcecode.swift; path = SCLExtensions.swift; sourceTree = "<group>"; };
		A6E7D5CD1F43986200041252 /* QuizPrefaceViewController.swift */ = {isa = PBXFileReference; fileEncoding = 4; lastKnownFileType = sourcecode.swift; path = QuizPrefaceViewController.swift; sourceTree = "<group>"; };
		A6E7D5CF1F43A20400041252 /* TextFadeAnimator.swift */ = {isa = PBXFileReference; fileEncoding = 4; lastKnownFileType = sourcecode.swift; path = TextFadeAnimator.swift; sourceTree = "<group>"; };
/* End PBXFileReference section */

/* Begin PBXFrameworksBuildPhase section */
		A5287C851F06C18A00466BCB /* Frameworks */ = {
			isa = PBXFrameworksBuildPhase;
			buildActionMask = 2147483647;
			files = (
				4B82EC8A8E0218A35FB19E58 /* libPods-SportsAlgebra.a in Frameworks */,
			);
			runOnlyForDeploymentPostprocessing = 0;
		};
		A5287C991F06C18B00466BCB /* Frameworks */ = {
			isa = PBXFrameworksBuildPhase;
			buildActionMask = 2147483647;
			files = (
			);
			runOnlyForDeploymentPostprocessing = 0;
		};
		A5287CA41F06C18B00466BCB /* Frameworks */ = {
			isa = PBXFrameworksBuildPhase;
			buildActionMask = 2147483647;
			files = (
			);
			runOnlyForDeploymentPostprocessing = 0;
		};
/* End PBXFrameworksBuildPhase section */

/* Begin PBXGroup section */
		3136BF6B3ECAF4A24C97DAC1 /* Pods */ = {
			isa = PBXGroup;
			children = (
				6D426E7DBE8DD19A9FC72298 /* Pods-SportsAlgebra.debug.xcconfig */,
				754629DF486F0061D04BACB1 /* Pods-SportsAlgebra.release.xcconfig */,
			);
			name = Pods;
			sourceTree = "<group>";
		};
		82011C69383ED1FC9479AB19 /* Frameworks */ = {
			isa = PBXGroup;
			children = (
				A5D88EBD1F1ACE760088901B /* SCLAlertView.framework */,
				8682A912465FFDA676467568 /* libPods-SportsAlgebra.a */,
			);
			name = Frameworks;
			sourceTree = "<group>";
		};
		A5287C7F1F06C18A00466BCB = {
			isa = PBXGroup;
			children = (
				A5287C8A1F06C18A00466BCB /* SportsAlgebra */,
				A5287C9F1F06C18B00466BCB /* SportsAlgebraTests */,
				A5287CAA1F06C18B00466BCB /* SportsAlgebraUITests */,
				A5287C891F06C18A00466BCB /* Products */,
				3136BF6B3ECAF4A24C97DAC1 /* Pods */,
				82011C69383ED1FC9479AB19 /* Frameworks */,
			);
			sourceTree = "<group>";
		};
		A5287C891F06C18A00466BCB /* Products */ = {
			isa = PBXGroup;
			children = (
				A5287C881F06C18A00466BCB /* SportsAlgebra.app */,
				A5287C9C1F06C18B00466BCB /* SportsAlgebraTests.xctest */,
				A5287CA71F06C18B00466BCB /* SportsAlgebraUITests.xctest */,
			);
			name = Products;
			sourceTree = "<group>";
		};
		A5287C8A1F06C18A00466BCB /* SportsAlgebra */ = {
			isa = PBXGroup;
			children = (
				A5CE343B1F1DC2A900AE5040 /* CustomViews */,
				A5D88EBF1F1ACF020088901B /* SCLAlertView */,
				A5D88E971F129C4A0088901B /* Model */,
				A5287CCB1F11B02100466BCB /* Common */,
				A5287CC81F06C3D600466BCB /* WebService */,
				A5287CC11F06C23200466BCB /* Quiz */,
				A5287CC01F06C20500466BCB /* ViewController */,
				A5287CBB1F06C1AA00466BCB /* Theming */,
				A5287C8B1F06C18A00466BCB /* AppDelegate.swift */,
				A5287C8F1F06C18A00466BCB /* Main.storyboard */,
				A5287C921F06C18A00466BCB /* Assets.xcassets */,
				A5287C941F06C18A00466BCB /* LaunchScreen.storyboard */,
				A5287C971F06C18A00466BCB /* Info.plist */,
				A5D88E961F1293AC0088901B /* SportsAlgebra-Bridging-Header.h */,
			);
			path = SportsAlgebra;
			sourceTree = "<group>";
		};
		A5287C9F1F06C18B00466BCB /* SportsAlgebraTests */ = {
			isa = PBXGroup;
			children = (
				A5287CA01F06C18B00466BCB /* SportsAlgebraTests.swift */,
				A5287CA21F06C18B00466BCB /* Info.plist */,
				A5D88EB51F15B77A0088901B /* OnboardingViewModelTests.swift */,
				A59C25B71F3AE152007F4EAD /* QuestionDTOTests.swift */,
				A6313DEC1F461BE9000E0766 /* DoubleExtensionsTests.swift */,
			);
			path = SportsAlgebraTests;
			sourceTree = "<group>";
		};
		A5287CAA1F06C18B00466BCB /* SportsAlgebraUITests */ = {
			isa = PBXGroup;
			children = (
				A5287CAB1F06C18B00466BCB /* SportsAlgebraUITests.swift */,
				A5287CAD1F06C18B00466BCB /* Info.plist */,
			);
			path = SportsAlgebraUITests;
			sourceTree = "<group>";
		};
		A5287CBB1F06C1AA00466BCB /* Theming */ = {
			isa = PBXGroup;
			children = (
				A5D88E9A1F12A9050088901B /* Fonts */,
				A5287CBC1F06C1C200466BCB /* Theme.plist */,
				A5287CBE1F06C1DF00466BCB /* SAThemeService.swift */,
			);
			name = Theming;
			sourceTree = "<group>";
		};
		A5287CC01F06C20500466BCB /* ViewController */ = {
			isa = PBXGroup;
			children = (
				A6313DEE1F4628C0000E0766 /* QuizResults */,
				A6E7D5CA1F43971800041252 /* QuizPreface */,
				A564E00D1F1AD6CD0025D451 /* Quiz */,
				A564E00C1F1AD6C80025D451 /* Home */,
				A5D88E851F121FAD0088901B /* Animation */,
				A5D88E801F121CD40088901B /* Onboarding */,
				A5287CD21F11B97100466BCB /* Navigation */,
				A5287CD11F11B96D00466BCB /* Splash */,
			);
			name = ViewController;
			sourceTree = "<group>";
		};
		A5287CC11F06C23200466BCB /* Quiz */ = {
			isa = PBXGroup;
			children = (
				A5287CC21F06C24800466BCB /* Question.swift */,
				A59C25B31F2A48C6007F4EAD /* QuestionDTO.swift */,
				A59C25B11F2A42D7007F4EAD /* QuestionResponse.swift */,
				A5287CC41F06C2A300466BCB /* Answer.swift */,
				A5287CC61F06C2BC00466BCB /* Quiz.swift */,
				A59C25BF1F3F6016007F4EAD /* QuizDTO.swift */,
				A59C25AF1F29A9FF007F4EAD /* QuizResults.swift */,
				A5CE34401F1E604C00AE5040 /* QuizContext.swift */,
				A59C25BD1F3F5E45007F4EAD /* QuizResultsDTO.swift */,
			);
			name = Quiz;
			sourceTree = "<group>";
		};
		A5287CC81F06C3D600466BCB /* WebService */ = {
			isa = PBXGroup;
			children = (
				A5287CC91F06C3E200466BCB /* WebServiceManager.swift */,
				A5D88E941F1292D90088901B /* SAProvisioning.swift */,
				A59C25A91F265E4B007F4EAD /* UserWebService.swift */,
				A59C25AB1F265E55007F4EAD /* QuizWebService.swift */,
			);
			name = WebService;
			sourceTree = "<group>";
		};
		A5287CCB1F11B02100466BCB /* Common */ = {
			isa = PBXGroup;
			children = (
				A5287CCC1F11B02B00466BCB /* Extension */,
				A5D88E831F121D8D0088901B /* SAUserDefaults.swift */,
				A5D88E881F12216F0088901B /* SASegue.swift */,
				A5D88E8A1F1222F30088901B /* SAStoryboardFactory.swift */,
				A5D88E901F1288B60088901B /* SAConstants.swift */,
				A5D88EB31F15AF550088901B /* SALog.swift */,
				A5D88EB71F1AB48A0088901B /* SAUtilities.swift */,
				A564E01F1F1AFEB30025D451 /* QuizGenerator.swift */,
				A564E0211F1AFECA0025D451 /* FirstQuizGenerator.swift */,
				A564E0231F1B14650025D451 /* Event.swift */,
				A6313DE81F4616D2000E0766 /* SAAlertManager.swift */,
			);
			name = Common;
			sourceTree = "<group>";
		};
		A5287CCC1F11B02B00466BCB /* Extension */ = {
			isa = PBXGroup;
			children = (
				A5287CCD1F11B03600466BCB /* UIColor+Extensions.swift */,
				A5D88EAB1F1534850088901B /* UIView+Extensions.swift */,
				A5D88EB11F15AD420088901B /* String+Extensions.swift */,
				A5D88EB91F1AB4B60088901B /* Notification+Extensions.swift */,
				A59C25C11F3F71FC007F4EAD /* PFUser+Extensions.swift */,
				A6313DEA1F461B30000E0766 /* Double+Extensions.swift */,
			);
			name = Extension;
			sourceTree = "<group>";
		};
		A5287CD11F11B96D00466BCB /* Splash */ = {
			isa = PBXGroup;
			children = (
				A5287CCF1F11B52800466BCB /* SplashScreenViewController.swift */,
			);
			name = Splash;
			sourceTree = "<group>";
		};
		A5287CD21F11B97100466BCB /* Navigation */ = {
			isa = PBXGroup;
			children = (
				A5D88E921F128EAC0088901B /* SANavigationController.swift */,
			);
			name = Navigation;
			sourceTree = "<group>";
		};
		A564E00C1F1AD6C80025D451 /* Home */ = {
			isa = PBXGroup;
			children = (
				A564E0101F1AD83D0025D451 /* HomeViewController.swift */,
				A564E0251F1D1D2C0025D451 /* HomeViewModel.swift */,
				A59C25BB1F3D0606007F4EAD /* HomeHeaderView.swift */,
				A59C25C31F3FAF42007F4EAD /* HomeTableViewCell.xib */,
				A59C25C51F3FAF55007F4EAD /* HomeTableViewCell.swift */,
			);
			name = Home;
			sourceTree = "<group>";
		};
		A564E00D1F1AD6CD0025D451 /* Quiz */ = {
			isa = PBXGroup;
			children = (
				A5CE34421F2117F700AE5040 /* Extension */,
				A564E0121F1AEE6D0025D451 /* View */,
				A564E00E1F1AD81C0025D451 /* QuizViewController.swift */,
				A564E01D1F1AF4EC0025D451 /* QuizViewModel.swift */,
			);
			name = Quiz;
			sourceTree = "<group>";
		};
		A564E0121F1AEE6D0025D451 /* View */ = {
			isa = PBXGroup;
			children = (
				A564E0131F1AEE780025D451 /* QuizHeaderView.swift */,
				A564E0151F1AEE9F0025D451 /* QuizHeaderView.xib */,
				A564E0191F1AF00B0025D451 /* QuizTableViewCell.swift */,
				A564E01B1F1AF0230025D451 /* QuizTableViewCell.xib */,
			);
			name = View;
			sourceTree = "<group>";
		};
		A5CE343B1F1DC2A900AE5040 /* CustomViews */ = {
			isa = PBXGroup;
			children = (
				A5CE343C1F1DC2B400AE5040 /* SAElapsedTimeView.swift */,
				A5CE343E1F1DC2F600AE5040 /* SAElapsedTimeView.xib */,
			);
			name = CustomViews;
			sourceTree = "<group>";
		};
		A5CE34421F2117F700AE5040 /* Extension */ = {
			isa = PBXGroup;
			children = (
				A5CE34451F21181E00AE5040 /* QuizViewController+Observers.swift */,
			);
			name = Extension;
			sourceTree = "<group>";
		};
		A5CE34471F21183700AE5040 /* Extension */ = {
			isa = PBXGroup;
			children = (
				A5CE344A1F21185D00AE5040 /* OnboardingViewController+Observers.swift */,
			);
			name = Extension;
			sourceTree = "<group>";
		};
		A5D88E801F121CD40088901B /* Onboarding */ = {
			isa = PBXGroup;
			children = (
				A5CE34471F21183700AE5040 /* Extension */,
				A5D88EAF1F15A50F0088901B /* OnboardingViewController.swift */,
				A5D88EAD1F15A3E90088901B /* OnboardingViewModel.swift */,
				A5D88EA31F1528400088901B /* LoginView.swift */,
				A5D88EA51F1528470088901B /* LoginView.xib */,
				A5D88EA91F15285E0088901B /* SignupView.swift */,
				A5D88EA71F1528520088901B /* SignupView.xib */,
			);
			name = Onboarding;
			sourceTree = "<group>";
		};
		A5D88E851F121FAD0088901B /* Animation */ = {
			isa = PBXGroup;
			children = (
				A5D88E8E1F1288A40088901B /* FadeAnimator.swift */,
				A5D88EBB1F1AB89D0088901B /* OnboardingFadeAnimator.swift */,
				A6E7D5CF1F43A20400041252 /* TextFadeAnimator.swift */,
			);
			name = Animation;
			sourceTree = "<group>";
		};
		A5D88E971F129C4A0088901B /* Model */ = {
			isa = PBXGroup;
			children = (
				A5D88E981F129C530088901B /* SAError.swift */,
				A5D88EA11F13E7040088901B /* ScrollViewLayoutManager.swift */,
			);
			name = Model;
			sourceTree = "<group>";
		};
		A5D88E9A1F12A9050088901B /* Fonts */ = {
			isa = PBXGroup;
			children = (
				A5D88E9B1F12A90F0088901B /* FiraMono-Bold.otf */,
				A5D88E9C1F12A90F0088901B /* FiraMono-Medium.otf */,
				A5D88E9D1F12A90F0088901B /* FiraMono-Regular.otf */,
			);
			name = Fonts;
			sourceTree = "<group>";
		};
		A5D88EBF1F1ACF020088901B /* SCLAlertView */ = {
			isa = PBXGroup;
			children = (
				A6E7D5781F43777400041252 /* SCLAlertView.swift */,
				A6E7D5791F43777400041252 /* SCLExtensions.swift */,
			);
			name = SCLAlertView;
			sourceTree = "<group>";
		};
		A6313DEE1F4628C0000E0766 /* QuizResults */ = {
			isa = PBXGroup;
			children = (
				A6313DF31F4628F7000E0766 /* View */,
				A6313DEF1F4628D6000E0766 /* QuizResultsViewController.swift */,
				A6313DF11F4628E1000E0766 /* QuizResultsViewModel.swift */,
			);
			name = QuizResults;
			sourceTree = "<group>";
		};
		A6313DF31F4628F7000E0766 /* View */ = {
			isa = PBXGroup;
			children = (
				A6313DF41F4629C0000E0766 /* QuizResultsTableViewCell.swift */,
				A6313DF61F462A06000E0766 /* QuizResultsTableViewCell.xib */,
			);
			name = View;
			sourceTree = "<group>";
		};
		A6E7D5CA1F43971800041252 /* QuizPreface */ = {
			isa = PBXGroup;
			children = (
				A6E7D5CD1F43986200041252 /* QuizPrefaceViewController.swift */,
			);
			name = QuizPreface;
			sourceTree = "<group>";
		};
/* End PBXGroup section */

/* Begin PBXNativeTarget section */
		A5287C871F06C18A00466BCB /* SportsAlgebra */ = {
			isa = PBXNativeTarget;
			buildConfigurationList = A5287CB01F06C18B00466BCB /* Build configuration list for PBXNativeTarget "SportsAlgebra" */;
			buildPhases = (
				3A395CD8EBFAB762107689D1 /* [CP] Check Pods Manifest.lock */,
				A5287C841F06C18A00466BCB /* Sources */,
				A5287C851F06C18A00466BCB /* Frameworks */,
				A5287C861F06C18A00466BCB /* Resources */,
				2BC1A7FDA28BDF62B83112DC /* [CP] Embed Pods Frameworks */,
				B070E8C52C5C4ED37C969DAC /* [CP] Copy Pods Resources */,
			);
			buildRules = (
			);
			dependencies = (
			);
			name = SportsAlgebra;
			productName = SportsAlgebra;
			productReference = A5287C881F06C18A00466BCB /* SportsAlgebra.app */;
			productType = "com.apple.product-type.application";
		};
		A5287C9B1F06C18B00466BCB /* SportsAlgebraTests */ = {
			isa = PBXNativeTarget;
			buildConfigurationList = A5287CB31F06C18B00466BCB /* Build configuration list for PBXNativeTarget "SportsAlgebraTests" */;
			buildPhases = (
				A5287C981F06C18B00466BCB /* Sources */,
				A5287C991F06C18B00466BCB /* Frameworks */,
				A5287C9A1F06C18B00466BCB /* Resources */,
			);
			buildRules = (
			);
			dependencies = (
				A5287C9E1F06C18B00466BCB /* PBXTargetDependency */,
			);
			name = SportsAlgebraTests;
			productName = SportsAlgebraTests;
			productReference = A5287C9C1F06C18B00466BCB /* SportsAlgebraTests.xctest */;
			productType = "com.apple.product-type.bundle.unit-test";
		};
		A5287CA61F06C18B00466BCB /* SportsAlgebraUITests */ = {
			isa = PBXNativeTarget;
			buildConfigurationList = A5287CB61F06C18B00466BCB /* Build configuration list for PBXNativeTarget "SportsAlgebraUITests" */;
			buildPhases = (
				A5287CA31F06C18B00466BCB /* Sources */,
				A5287CA41F06C18B00466BCB /* Frameworks */,
				A5287CA51F06C18B00466BCB /* Resources */,
			);
			buildRules = (
			);
			dependencies = (
				A5287CA91F06C18B00466BCB /* PBXTargetDependency */,
			);
			name = SportsAlgebraUITests;
			productName = SportsAlgebraUITests;
			productReference = A5287CA71F06C18B00466BCB /* SportsAlgebraUITests.xctest */;
			productType = "com.apple.product-type.bundle.ui-testing";
		};
/* End PBXNativeTarget section */

/* Begin PBXProject section */
		A5287C801F06C18A00466BCB /* Project object */ = {
			isa = PBXProject;
			attributes = {
				LastSwiftUpdateCheck = 0830;
				LastUpgradeCheck = 0830;
				ORGANIZATIONNAME = rresma;
				TargetAttributes = {
					A5287C871F06C18A00466BCB = {
						CreatedOnToolsVersion = 8.3.3;
						DevelopmentTeam = 5V44FMNFC4;
						ProvisioningStyle = Automatic;
					};
					A5287C9B1F06C18B00466BCB = {
						CreatedOnToolsVersion = 8.3.3;
						DevelopmentTeam = 5V44FMNFC4;
						ProvisioningStyle = Automatic;
						TestTargetID = A5287C871F06C18A00466BCB;
					};
					A5287CA61F06C18B00466BCB = {
						CreatedOnToolsVersion = 8.3.3;
						DevelopmentTeam = 5V44FMNFC4;
						ProvisioningStyle = Automatic;
						TestTargetID = A5287C871F06C18A00466BCB;
					};
				};
			};
			buildConfigurationList = A5287C831F06C18A00466BCB /* Build configuration list for PBXProject "SportsAlgebra" */;
			compatibilityVersion = "Xcode 3.2";
			developmentRegion = English;
			hasScannedForEncodings = 0;
			knownRegions = (
				en,
				Base,
			);
			mainGroup = A5287C7F1F06C18A00466BCB;
			productRefGroup = A5287C891F06C18A00466BCB /* Products */;
			projectDirPath = "";
			projectRoot = "";
			targets = (
				A5287C871F06C18A00466BCB /* SportsAlgebra */,
				A5287C9B1F06C18B00466BCB /* SportsAlgebraTests */,
				A5287CA61F06C18B00466BCB /* SportsAlgebraUITests */,
			);
		};
/* End PBXProject section */

/* Begin PBXResourcesBuildPhase section */
		A5287C861F06C18A00466BCB /* Resources */ = {
			isa = PBXResourcesBuildPhase;
			buildActionMask = 2147483647;
			files = (
				A564E0161F1AEE9F0025D451 /* QuizHeaderView.xib in Resources */,
				A5287CBD1F06C1C200466BCB /* Theme.plist in Resources */,
				A5D88E9E1F12A9880088901B /* FiraMono-Bold.otf in Resources */,
				A5D88EA61F1528470088901B /* LoginView.xib in Resources */,
				A5287C961F06C18A00466BCB /* LaunchScreen.storyboard in Resources */,
				A564E01C1F1AF0230025D451 /* QuizTableViewCell.xib in Resources */,
				A5CE343F1F1DC2F600AE5040 /* SAElapsedTimeView.xib in Resources */,
				A6313DF71F462A06000E0766 /* QuizResultsTableViewCell.xib in Resources */,
				A59C25C41F3FAF42007F4EAD /* HomeTableViewCell.xib in Resources */,
				A5D88EA01F12A98E0088901B /* FiraMono-Regular.otf in Resources */,
				A5D88EA81F1528520088901B /* SignupView.xib in Resources */,
				A5287C931F06C18A00466BCB /* Assets.xcassets in Resources */,
				A5287C911F06C18A00466BCB /* Main.storyboard in Resources */,
				A5D88E9F1F12A98B0088901B /* FiraMono-Medium.otf in Resources */,
			);
			runOnlyForDeploymentPostprocessing = 0;
		};
		A5287C9A1F06C18B00466BCB /* Resources */ = {
			isa = PBXResourcesBuildPhase;
			buildActionMask = 2147483647;
			files = (
			);
			runOnlyForDeploymentPostprocessing = 0;
		};
		A5287CA51F06C18B00466BCB /* Resources */ = {
			isa = PBXResourcesBuildPhase;
			buildActionMask = 2147483647;
			files = (
			);
			runOnlyForDeploymentPostprocessing = 0;
		};
/* End PBXResourcesBuildPhase section */

/* Begin PBXShellScriptBuildPhase section */
		2BC1A7FDA28BDF62B83112DC /* [CP] Embed Pods Frameworks */ = {
			isa = PBXShellScriptBuildPhase;
			buildActionMask = 2147483647;
			files = (
			);
			inputPaths = (
			);
			name = "[CP] Embed Pods Frameworks";
			outputPaths = (
			);
			runOnlyForDeploymentPostprocessing = 0;
			shellPath = /bin/sh;
			shellScript = "\"${SRCROOT}/Pods/Target Support Files/Pods-SportsAlgebra/Pods-SportsAlgebra-frameworks.sh\"\n";
			showEnvVarsInLog = 0;
		};
		3A395CD8EBFAB762107689D1 /* [CP] Check Pods Manifest.lock */ = {
			isa = PBXShellScriptBuildPhase;
			buildActionMask = 2147483647;
			files = (
			);
			inputPaths = (
			);
			name = "[CP] Check Pods Manifest.lock";
			outputPaths = (
			);
			runOnlyForDeploymentPostprocessing = 0;
			shellPath = /bin/sh;
			shellScript = "diff \"${PODS_ROOT}/../Podfile.lock\" \"${PODS_ROOT}/Manifest.lock\" > /dev/null\nif [ $? != 0 ] ; then\n    # print error to STDERR\n    echo \"error: The sandbox is not in sync with the Podfile.lock. Run 'pod install' or update your CocoaPods installation.\" >&2\n    exit 1\nfi\n";
			showEnvVarsInLog = 0;
		};
		B070E8C52C5C4ED37C969DAC /* [CP] Copy Pods Resources */ = {
			isa = PBXShellScriptBuildPhase;
			buildActionMask = 2147483647;
			files = (
			);
			inputPaths = (
			);
			name = "[CP] Copy Pods Resources";
			outputPaths = (
			);
			runOnlyForDeploymentPostprocessing = 0;
			shellPath = /bin/sh;
			shellScript = "\"${SRCROOT}/Pods/Target Support Files/Pods-SportsAlgebra/Pods-SportsAlgebra-resources.sh\"\n";
			showEnvVarsInLog = 0;
		};
/* End PBXShellScriptBuildPhase section */

/* Begin PBXSourcesBuildPhase section */
		A5287C841F06C18A00466BCB /* Sources */ = {
			isa = PBXSourcesBuildPhase;
			buildActionMask = 2147483647;
			files = (
				A5D88EAA1F15285E0088901B /* SignupView.swift in Sources */,
				A59C25C61F3FAF55007F4EAD /* HomeTableViewCell.swift in Sources */,
				A564E0111F1AD83D0025D451 /* HomeViewController.swift in Sources */,
				A6E7D57A1F43777400041252 /* SCLAlertView.swift in Sources */,
				A5287CCA1F06C3E200466BCB /* WebServiceManager.swift in Sources */,
				A5D88EBA1F1AB4B60088901B /* Notification+Extensions.swift in Sources */,
				A5D88E911F1288B60088901B /* SAConstants.swift in Sources */,
				A5287CC31F06C24800466BCB /* Question.swift in Sources */,
				A564E0221F1AFECA0025D451 /* FirstQuizGenerator.swift in Sources */,
				A6E7D5D01F43A20400041252 /* TextFadeAnimator.swift in Sources */,
				A59C25AA1F265E4B007F4EAD /* UserWebService.swift in Sources */,
				A564E0201F1AFEB30025D451 /* QuizGenerator.swift in Sources */,
				A59C25C01F3F6016007F4EAD /* QuizDTO.swift in Sources */,
				A5D88E891F12216F0088901B /* SASegue.swift in Sources */,
				A59C25BC1F3D0606007F4EAD /* HomeHeaderView.swift in Sources */,
				A59C25C21F3F71FC007F4EAD /* PFUser+Extensions.swift in Sources */,
				A6313DEB1F461B30000E0766 /* Double+Extensions.swift in Sources */,
				A5287CD01F11B52800466BCB /* SplashScreenViewController.swift in Sources */,
				A59C25B21F2A42D7007F4EAD /* QuestionResponse.swift in Sources */,
				A5287CCE1F11B03600466BCB /* UIColor+Extensions.swift in Sources */,
				A5287CC71F06C2BC00466BCB /* Quiz.swift in Sources */,
				A5D88E991F129C530088901B /* SAError.swift in Sources */,
				A5D88EAC1F1534850088901B /* UIView+Extensions.swift in Sources */,
				A6313DF51F4629C0000E0766 /* QuizResultsTableViewCell.swift in Sources */,
				A5D88EBC1F1AB89D0088901B /* OnboardingFadeAnimator.swift in Sources */,
				A564E0241F1B14650025D451 /* Event.swift in Sources */,
				A5CE344B1F21185D00AE5040 /* OnboardingViewController+Observers.swift in Sources */,
				A59C25AC1F265E55007F4EAD /* QuizWebService.swift in Sources */,
				A5D88E841F121D8D0088901B /* SAUserDefaults.swift in Sources */,
				A5CE34411F1E604C00AE5040 /* QuizContext.swift in Sources */,
				A59C25BE1F3F5E45007F4EAD /* QuizResultsDTO.swift in Sources */,
				A6313DE91F4616D2000E0766 /* SAAlertManager.swift in Sources */,
				A5D88EB81F1AB48A0088901B /* SAUtilities.swift in Sources */,
				A6E7D57B1F43777400041252 /* SCLExtensions.swift in Sources */,
				A564E0261F1D1D2C0025D451 /* HomeViewModel.swift in Sources */,
				A5D88E8F1F1288A40088901B /* FadeAnimator.swift in Sources */,
				A564E01A1F1AF00B0025D451 /* QuizTableViewCell.swift in Sources */,
				A5D88EB41F15AF550088901B /* SALog.swift in Sources */,
				A5287CC51F06C2A300466BCB /* Answer.swift in Sources */,
				A59C25B01F29A9FF007F4EAD /* QuizResults.swift in Sources */,
				A5CE34461F21181E00AE5040 /* QuizViewController+Observers.swift in Sources */,
				A5D88EAE1F15A3E90088901B /* OnboardingViewModel.swift in Sources */,
				A5D88E8B1F1222F30088901B /* SAStoryboardFactory.swift in Sources */,
				A5287CBF1F06C1DF00466BCB /* SAThemeService.swift in Sources */,
				A564E00F1F1AD81C0025D451 /* QuizViewController.swift in Sources */,
				A6E7D5CE1F43986200041252 /* QuizPrefaceViewController.swift in Sources */,
				A5287C8C1F06C18A00466BCB /* AppDelegate.swift in Sources */,
				A5D88EA21F13E7040088901B /* ScrollViewLayoutManager.swift in Sources */,
				A5D88EB01F15A50F0088901B /* OnboardingViewController.swift in Sources */,
				A5D88EB21F15AD420088901B /* String+Extensions.swift in Sources */,
				A5D88E951F1292D90088901B /* SAProvisioning.swift in Sources */,
				A564E0141F1AEE780025D451 /* QuizHeaderView.swift in Sources */,
				A5D88EA41F1528400088901B /* LoginView.swift in Sources */,
				A59C25B41F2A48C6007F4EAD /* QuestionDTO.swift in Sources */,
				A564E01E1F1AF4EC0025D451 /* QuizViewModel.swift in Sources */,
				A5CE343D1F1DC2B400AE5040 /* SAElapsedTimeView.swift in Sources */,
				A6313DF01F4628D6000E0766 /* QuizResultsViewController.swift in Sources */,
				A6313DF21F4628E1000E0766 /* QuizResultsViewModel.swift in Sources */,
				A5D88E931F128EAC0088901B /* SANavigationController.swift in Sources */,
			);
			runOnlyForDeploymentPostprocessing = 0;
		};
		A5287C981F06C18B00466BCB /* Sources */ = {
			isa = PBXSourcesBuildPhase;
			buildActionMask = 2147483647;
			files = (
				A6313DED1F461BE9000E0766 /* DoubleExtensionsTests.swift in Sources */,
				A5287CA11F06C18B00466BCB /* SportsAlgebraTests.swift in Sources */,
				A59C25B81F3AE152007F4EAD /* QuestionDTOTests.swift in Sources */,
				A5D88EB61F15B77A0088901B /* OnboardingViewModelTests.swift in Sources */,
			);
			runOnlyForDeploymentPostprocessing = 0;
		};
		A5287CA31F06C18B00466BCB /* Sources */ = {
			isa = PBXSourcesBuildPhase;
			buildActionMask = 2147483647;
			files = (
				A5287CAC1F06C18B00466BCB /* SportsAlgebraUITests.swift in Sources */,
			);
			runOnlyForDeploymentPostprocessing = 0;
		};
/* End PBXSourcesBuildPhase section */

/* Begin PBXTargetDependency section */
		A5287C9E1F06C18B00466BCB /* PBXTargetDependency */ = {
			isa = PBXTargetDependency;
			target = A5287C871F06C18A00466BCB /* SportsAlgebra */;
			targetProxy = A5287C9D1F06C18B00466BCB /* PBXContainerItemProxy */;
		};
		A5287CA91F06C18B00466BCB /* PBXTargetDependency */ = {
			isa = PBXTargetDependency;
			target = A5287C871F06C18A00466BCB /* SportsAlgebra */;
			targetProxy = A5287CA81F06C18B00466BCB /* PBXContainerItemProxy */;
		};
/* End PBXTargetDependency section */

/* Begin PBXVariantGroup section */
		A5287C8F1F06C18A00466BCB /* Main.storyboard */ = {
			isa = PBXVariantGroup;
			children = (
				A5287C901F06C18A00466BCB /* Base */,
			);
			name = Main.storyboard;
			sourceTree = "<group>";
		};
		A5287C941F06C18A00466BCB /* LaunchScreen.storyboard */ = {
			isa = PBXVariantGroup;
			children = (
				A5287C951F06C18A00466BCB /* Base */,
			);
			name = LaunchScreen.storyboard;
			sourceTree = "<group>";
		};
/* End PBXVariantGroup section */

/* Begin XCBuildConfiguration section */
		A5287CAE1F06C18B00466BCB /* Debug */ = {
			isa = XCBuildConfiguration;
			buildSettings = {
				ALWAYS_SEARCH_USER_PATHS = NO;
				CLANG_ANALYZER_NONNULL = YES;
				CLANG_ANALYZER_NUMBER_OBJECT_CONVERSION = YES_AGGRESSIVE;
				CLANG_CXX_LANGUAGE_STANDARD = "gnu++0x";
				CLANG_CXX_LIBRARY = "libc++";
				CLANG_ENABLE_MODULES = YES;
				CLANG_ENABLE_OBJC_ARC = YES;
				CLANG_WARN_BOOL_CONVERSION = YES;
				CLANG_WARN_CONSTANT_CONVERSION = YES;
				CLANG_WARN_DIRECT_OBJC_ISA_USAGE = YES_ERROR;
				CLANG_WARN_DOCUMENTATION_COMMENTS = YES;
				CLANG_WARN_EMPTY_BODY = YES;
				CLANG_WARN_ENUM_CONVERSION = YES;
				CLANG_WARN_INFINITE_RECURSION = YES;
				CLANG_WARN_INT_CONVERSION = YES;
				CLANG_WARN_OBJC_ROOT_CLASS = YES_ERROR;
				CLANG_WARN_SUSPICIOUS_MOVE = YES;
				CLANG_WARN_UNREACHABLE_CODE = YES;
				CLANG_WARN__DUPLICATE_METHOD_MATCH = YES;
				"CODE_SIGN_IDENTITY[sdk=iphoneos*]" = "iPhone Developer";
				COPY_PHASE_STRIP = NO;
				DEBUG_INFORMATION_FORMAT = dwarf;
				ENABLE_STRICT_OBJC_MSGSEND = YES;
				ENABLE_TESTABILITY = YES;
				GCC_C_LANGUAGE_STANDARD = gnu99;
				GCC_DYNAMIC_NO_PIC = NO;
				GCC_NO_COMMON_BLOCKS = YES;
				GCC_OPTIMIZATION_LEVEL = 0;
				GCC_PREPROCESSOR_DEFINITIONS = (
					"DEBUG=1",
					"$(inherited)",
				);
				GCC_WARN_64_TO_32_BIT_CONVERSION = YES;
				GCC_WARN_ABOUT_RETURN_TYPE = YES_ERROR;
				GCC_WARN_UNDECLARED_SELECTOR = YES;
				GCC_WARN_UNINITIALIZED_AUTOS = YES_AGGRESSIVE;
				GCC_WARN_UNUSED_FUNCTION = YES;
				GCC_WARN_UNUSED_VARIABLE = YES;
				IPHONEOS_DEPLOYMENT_TARGET = 10.3;
				MTL_ENABLE_DEBUG_INFO = YES;
				ONLY_ACTIVE_ARCH = YES;
				SDKROOT = iphoneos;
				SWIFT_ACTIVE_COMPILATION_CONDITIONS = DEBUG;
				SWIFT_OPTIMIZATION_LEVEL = "-Onone";
			};
			name = Debug;
		};
		A5287CAF1F06C18B00466BCB /* Release */ = {
			isa = XCBuildConfiguration;
			buildSettings = {
				ALWAYS_SEARCH_USER_PATHS = NO;
				CLANG_ANALYZER_NONNULL = YES;
				CLANG_ANALYZER_NUMBER_OBJECT_CONVERSION = YES_AGGRESSIVE;
				CLANG_CXX_LANGUAGE_STANDARD = "gnu++0x";
				CLANG_CXX_LIBRARY = "libc++";
				CLANG_ENABLE_MODULES = YES;
				CLANG_ENABLE_OBJC_ARC = YES;
				CLANG_WARN_BOOL_CONVERSION = YES;
				CLANG_WARN_CONSTANT_CONVERSION = YES;
				CLANG_WARN_DIRECT_OBJC_ISA_USAGE = YES_ERROR;
				CLANG_WARN_DOCUMENTATION_COMMENTS = YES;
				CLANG_WARN_EMPTY_BODY = YES;
				CLANG_WARN_ENUM_CONVERSION = YES;
				CLANG_WARN_INFINITE_RECURSION = YES;
				CLANG_WARN_INT_CONVERSION = YES;
				CLANG_WARN_OBJC_ROOT_CLASS = YES_ERROR;
				CLANG_WARN_SUSPICIOUS_MOVE = YES;
				CLANG_WARN_UNREACHABLE_CODE = YES;
				CLANG_WARN__DUPLICATE_METHOD_MATCH = YES;
				"CODE_SIGN_IDENTITY[sdk=iphoneos*]" = "iPhone Developer";
				COPY_PHASE_STRIP = NO;
				DEBUG_INFORMATION_FORMAT = "dwarf-with-dsym";
				ENABLE_NS_ASSERTIONS = NO;
				ENABLE_STRICT_OBJC_MSGSEND = YES;
				GCC_C_LANGUAGE_STANDARD = gnu99;
				GCC_NO_COMMON_BLOCKS = YES;
				GCC_WARN_64_TO_32_BIT_CONVERSION = YES;
				GCC_WARN_ABOUT_RETURN_TYPE = YES_ERROR;
				GCC_WARN_UNDECLARED_SELECTOR = YES;
				GCC_WARN_UNINITIALIZED_AUTOS = YES_AGGRESSIVE;
				GCC_WARN_UNUSED_FUNCTION = YES;
				GCC_WARN_UNUSED_VARIABLE = YES;
				IPHONEOS_DEPLOYMENT_TARGET = 10.3;
				MTL_ENABLE_DEBUG_INFO = NO;
				SDKROOT = iphoneos;
				SWIFT_OPTIMIZATION_LEVEL = "-Owholemodule";
				VALIDATE_PRODUCT = YES;
			};
			name = Release;
		};
		A5287CB11F06C18B00466BCB /* Debug */ = {
			isa = XCBuildConfiguration;
			baseConfigurationReference = 6D426E7DBE8DD19A9FC72298 /* Pods-SportsAlgebra.debug.xcconfig */;
			buildSettings = {
				ASSETCATALOG_COMPILER_APPICON_NAME = AppIcon;
				"CODE_SIGN_IDENTITY[sdk=iphoneos*]" = "iPhone Developer";
				DEVELOPMENT_TEAM = "";
				FRAMEWORK_SEARCH_PATHS = "$(inherited)";
				INFOPLIST_FILE = SportsAlgebra/Info.plist;
				IPHONEOS_DEPLOYMENT_TARGET = 10.0;
				LD_RUNPATH_SEARCH_PATHS = "$(inherited) @executable_path/Frameworks";
				OTHER_SWIFT_FLAGS = "-D DEBUG";
				PRODUCT_BUNDLE_IDENTIFIER = com.rresma.SportsAlgebra;
				PRODUCT_NAME = "$(TARGET_NAME)";
				PROVISIONING_PROFILE = "";
				PROVISIONING_PROFILE_SPECIFIER = "";
				SWIFT_OBJC_BRIDGING_HEADER = "$(SRCROOT)/SportsAlgebra/SportsAlgebra-Bridging-Header.h";
				SWIFT_VERSION = 3.0;
			};
			name = Debug;
		};
		A5287CB21F06C18B00466BCB /* Release */ = {
			isa = XCBuildConfiguration;
			baseConfigurationReference = 754629DF486F0061D04BACB1 /* Pods-SportsAlgebra.release.xcconfig */;
			buildSettings = {
				ASSETCATALOG_COMPILER_APPICON_NAME = AppIcon;
				"CODE_SIGN_IDENTITY[sdk=iphoneos*]" = "iPhone Developer";
				DEVELOPMENT_TEAM = "";
				FRAMEWORK_SEARCH_PATHS = "$(inherited)";
				INFOPLIST_FILE = SportsAlgebra/Info.plist;
				IPHONEOS_DEPLOYMENT_TARGET = 10.0;
				LD_RUNPATH_SEARCH_PATHS = "$(inherited) @executable_path/Frameworks";
				PRODUCT_BUNDLE_IDENTIFIER = com.rresma.SportsAlgebra;
				PRODUCT_NAME = "$(TARGET_NAME)";
				PROVISIONING_PROFILE = "";
				PROVISIONING_PROFILE_SPECIFIER = "";
				SWIFT_OBJC_BRIDGING_HEADER = "$(SRCROOT)/SportsAlgebra/SportsAlgebra-Bridging-Header.h";
				SWIFT_VERSION = 3.0;
			};
			name = Release;
		};
		A5287CB41F06C18B00466BCB /* Debug */ = {
			isa = XCBuildConfiguration;
			buildSettings = {
				ALWAYS_EMBED_SWIFT_STANDARD_LIBRARIES = YES;
				BUNDLE_LOADER = "$(TEST_HOST)";
				DEVELOPMENT_TEAM = 5V44FMNFC4;
				INFOPLIST_FILE = SportsAlgebraTests/Info.plist;
				LD_RUNPATH_SEARCH_PATHS = "$(inherited) @executable_path/Frameworks @loader_path/Frameworks";
				PRODUCT_BUNDLE_IDENTIFIER = com.rresma.SportsAlgebraTests;
				PRODUCT_NAME = "$(TARGET_NAME)";
				SWIFT_VERSION = 3.0;
				TEST_HOST = "$(BUILT_PRODUCTS_DIR)/SportsAlgebra.app/SportsAlgebra";
			};
			name = Debug;
		};
		A5287CB51F06C18B00466BCB /* Release */ = {
			isa = XCBuildConfiguration;
			buildSettings = {
				ALWAYS_EMBED_SWIFT_STANDARD_LIBRARIES = YES;
				BUNDLE_LOADER = "$(TEST_HOST)";
				DEVELOPMENT_TEAM = 5V44FMNFC4;
				INFOPLIST_FILE = SportsAlgebraTests/Info.plist;
				LD_RUNPATH_SEARCH_PATHS = "$(inherited) @executable_path/Frameworks @loader_path/Frameworks";
				PRODUCT_BUNDLE_IDENTIFIER = com.rresma.SportsAlgebraTests;
				PRODUCT_NAME = "$(TARGET_NAME)";
				SWIFT_VERSION = 3.0;
				TEST_HOST = "$(BUILT_PRODUCTS_DIR)/SportsAlgebra.app/SportsAlgebra";
			};
			name = Release;
		};
		A5287CB71F06C18B00466BCB /* Debug */ = {
			isa = XCBuildConfiguration;
			buildSettings = {
				ALWAYS_EMBED_SWIFT_STANDARD_LIBRARIES = YES;
				DEVELOPMENT_TEAM = 5V44FMNFC4;
				INFOPLIST_FILE = SportsAlgebraUITests/Info.plist;
				LD_RUNPATH_SEARCH_PATHS = "$(inherited) @executable_path/Frameworks @loader_path/Frameworks";
				PRODUCT_BUNDLE_IDENTIFIER = com.rresma.SportsAlgebraUITests;
				PRODUCT_NAME = "$(TARGET_NAME)";
				SWIFT_VERSION = 3.0;
				TEST_TARGET_NAME = SportsAlgebra;
			};
			name = Debug;
		};
		A5287CB81F06C18B00466BCB /* Release */ = {
			isa = XCBuildConfiguration;
			buildSettings = {
				ALWAYS_EMBED_SWIFT_STANDARD_LIBRARIES = YES;
				DEVELOPMENT_TEAM = 5V44FMNFC4;
				INFOPLIST_FILE = SportsAlgebraUITests/Info.plist;
				LD_RUNPATH_SEARCH_PATHS = "$(inherited) @executable_path/Frameworks @loader_path/Frameworks";
				PRODUCT_BUNDLE_IDENTIFIER = com.rresma.SportsAlgebraUITests;
				PRODUCT_NAME = "$(TARGET_NAME)";
				SWIFT_VERSION = 3.0;
				TEST_TARGET_NAME = SportsAlgebra;
			};
			name = Release;
		};
/* End XCBuildConfiguration section */

/* Begin XCConfigurationList section */
		A5287C831F06C18A00466BCB /* Build configuration list for PBXProject "SportsAlgebra" */ = {
			isa = XCConfigurationList;
			buildConfigurations = (
				A5287CAE1F06C18B00466BCB /* Debug */,
				A5287CAF1F06C18B00466BCB /* Release */,
			);
			defaultConfigurationIsVisible = 0;
			defaultConfigurationName = Release;
		};
		A5287CB01F06C18B00466BCB /* Build configuration list for PBXNativeTarget "SportsAlgebra" */ = {
			isa = XCConfigurationList;
			buildConfigurations = (
				A5287CB11F06C18B00466BCB /* Debug */,
				A5287CB21F06C18B00466BCB /* Release */,
			);
			defaultConfigurationIsVisible = 0;
			defaultConfigurationName = Release;
		};
		A5287CB31F06C18B00466BCB /* Build configuration list for PBXNativeTarget "SportsAlgebraTests" */ = {
			isa = XCConfigurationList;
			buildConfigurations = (
				A5287CB41F06C18B00466BCB /* Debug */,
				A5287CB51F06C18B00466BCB /* Release */,
			);
			defaultConfigurationIsVisible = 0;
			defaultConfigurationName = Release;
		};
		A5287CB61F06C18B00466BCB /* Build configuration list for PBXNativeTarget "SportsAlgebraUITests" */ = {
			isa = XCConfigurationList;
			buildConfigurations = (
				A5287CB71F06C18B00466BCB /* Debug */,
				A5287CB81F06C18B00466BCB /* Release */,
			);
			defaultConfigurationIsVisible = 0;
			defaultConfigurationName = Release;
		};
/* End XCConfigurationList section */
	};
	rootObject = A5287C801F06C18A00466BCB /* Project object */;
}
